
Microsoft Visual Studio Solution File, Format Version 12.00
# Visual Studio Version 17
VisualStudioVersion = 17.10.35027.167
MinimumVisualStudioVersion = 10.0.40219.1
Project("{FAE04EC0-301F-11D3-BF4B-00C04F79EFBC}") = "G_APIs", "G_APIs.csproj", "{224ED9DD-54E9-419F-9614-4010D28577C2}"
EndProject
Global
	GlobalSection(SolutionConfigurationPlatforms) = preSolution
		Debug|Any CPU = Debug|Any CPU
		Release|Any CPU = Release|Any CPU
	EndGlobalSection
	GlobalSection(ProjectConfigurationPlatforms) = postSolution
		{224ED9DD-54E9-419F-9614-4010D28577C2}.Debug|Any CPU.ActiveCfg = Debug|Any CPU
		{224ED9DD-54E9-419F-9614-4010D28577C2}.Debug|Any CPU.Build.0 = Debug|Any CPU
		{224ED9DD-54E9-419F-9614-4010D28577C2}.Release|Any CPU.ActiveCfg = Release|Any CPU
		{224ED9DD-54E9-419F-9614-4010D28577C2}.Release|Any CPU.Build.0 = Release|Any CPU
	EndGlobalSection
	GlobalSection(SolutionProperties) = preSolution
		HideSolutionNode = FALSE
	EndGlobalSection
	GlobalSection(ExtensibilityGlobals) = postSolution
		SolutionGuid = {834D630A-9482-4F08-9156-DF2C8EFF2130}
	EndGlobalSection
EndGlobal
